// !$*UTF8*$!
{
	archiveVersion = 1;
	classes = {
	};
	objectVersion = 50;
	objects = {

/* Begin PBXBuildFile section */
		71DA51EF20A6D75A00BBC917 /* TodoManagerTests.swift in Sources */ = {isa = PBXBuildFile; fileRef = 71DA51EE20A6D75A00BBC917 /* TodoManagerTests.swift */; };
		71DA51FA20A6D75A00BBC917 /* TodoManagerUITests.swift in Sources */ = {isa = PBXBuildFile; fileRef = 71DA51F920A6D75A00BBC917 /* TodoManagerUITests.swift */; };
		71DA522220A6D85400BBC917 /* Assets.xcassets in Resources */ = {isa = PBXBuildFile; fileRef = 71DA521720A6D85400BBC917 /* Assets.xcassets */; };
		71DA522320A6D85400BBC917 /* LaunchScreen.storyboard in Resources */ = {isa = PBXBuildFile; fileRef = 71DA521820A6D85400BBC917 /* LaunchScreen.storyboard */; };
		71DA522420A6D85400BBC917 /* TodoManager.xcdatamodeld in Sources */ = {isa = PBXBuildFile; fileRef = 71DA521B20A6D85400BBC917 /* TodoManager.xcdatamodeld */; };
		71DA522620A6D85400BBC917 /* AppDelegate.swift in Sources */ = {isa = PBXBuildFile; fileRef = 71DA521F20A6D85400BBC917 /* AppDelegate.swift */; };
		71DA523420A7034A00BBC917 /* CustomViewProvider.swift in Sources */ = {isa = PBXBuildFile; fileRef = 71DA523320A7034A00BBC917 /* CustomViewProvider.swift */; };
		71DA523720A7039C00BBC917 /* CustomViewController.swift in Sources */ = {isa = PBXBuildFile; fileRef = 71DA523620A7039C00BBC917 /* CustomViewController.swift */; };
		71DA523D20A7054600BBC917 /* BaseViewController.swift in Sources */ = {isa = PBXBuildFile; fileRef = 71DA523C20A7054600BBC917 /* BaseViewController.swift */; };
		71DA523F20A705FC00BBC917 /* UIView+LoadFromNib.swift in Sources */ = {isa = PBXBuildFile; fileRef = 71DA523E20A705FC00BBC917 /* UIView+LoadFromNib.swift */; };
		71DA524420A7138500BBC917 /* Router.swift in Sources */ = {isa = PBXBuildFile; fileRef = 71DA524320A7138500BBC917 /* Router.swift */; };
		71DA524620A713A400BBC917 /* WindowHelper.swift in Sources */ = {isa = PBXBuildFile; fileRef = 71DA524520A713A300BBC917 /* WindowHelper.swift */; };
		71DA524D20A7142E00BBC917 /* TasksViewController.swift in Sources */ = {isa = PBXBuildFile; fileRef = 71DA524C20A7142E00BBC917 /* TasksViewController.swift */; };
		71DA524F20A7147300BBC917 /* ApplicationController.swift in Sources */ = {isa = PBXBuildFile; fileRef = 71DA524E20A7147300BBC917 /* ApplicationController.swift */; };
		71DA525120A7147C00BBC917 /* MainRouter.swift in Sources */ = {isa = PBXBuildFile; fileRef = 71DA525020A7147C00BBC917 /* MainRouter.swift */; };
		71DA525C20A719C800BBC917 /* CustomTableView.swift in Sources */ = {isa = PBXBuildFile; fileRef = 71DA525A20A719C800BBC917 /* CustomTableView.swift */; };
		71DA525D20A719C800BBC917 /* CustomTableView.xib in Resources */ = {isa = PBXBuildFile; fileRef = 71DA525B20A719C800BBC917 /* CustomTableView.xib */; };
/* End PBXBuildFile section */

/* Begin PBXContainerItemProxy section */
		71DA51EB20A6D75A00BBC917 /* PBXContainerItemProxy */ = {
			isa = PBXContainerItemProxy;
			containerPortal = 71DA51CB20A6D75900BBC917 /* Project object */;
			proxyType = 1;
			remoteGlobalIDString = 71DA51D220A6D75900BBC917;
			remoteInfo = TodoManager;
		};
		71DA51F620A6D75A00BBC917 /* PBXContainerItemProxy */ = {
			isa = PBXContainerItemProxy;
			containerPortal = 71DA51CB20A6D75900BBC917 /* Project object */;
			proxyType = 1;
			remoteGlobalIDString = 71DA51D220A6D75900BBC917;
			remoteInfo = TodoManager;
		};
/* End PBXContainerItemProxy section */

/* Begin PBXFileReference section */
		71DA51D320A6D75900BBC917 /* TodoManager.app */ = {isa = PBXFileReference; explicitFileType = wrapper.application; includeInIndex = 0; path = TodoManager.app; sourceTree = BUILT_PRODUCTS_DIR; };
		71DA51EA20A6D75A00BBC917 /* TodoManagerTests.xctest */ = {isa = PBXFileReference; explicitFileType = wrapper.cfbundle; includeInIndex = 0; path = TodoManagerTests.xctest; sourceTree = BUILT_PRODUCTS_DIR; };
		71DA51EE20A6D75A00BBC917 /* TodoManagerTests.swift */ = {isa = PBXFileReference; lastKnownFileType = sourcecode.swift; path = TodoManagerTests.swift; sourceTree = "<group>"; };
		71DA51F020A6D75A00BBC917 /* Info.plist */ = {isa = PBXFileReference; lastKnownFileType = text.plist.xml; path = Info.plist; sourceTree = "<group>"; };
		71DA51F520A6D75A00BBC917 /* TodoManagerUITests.xctest */ = {isa = PBXFileReference; explicitFileType = wrapper.cfbundle; includeInIndex = 0; path = TodoManagerUITests.xctest; sourceTree = BUILT_PRODUCTS_DIR; };
		71DA51F920A6D75A00BBC917 /* TodoManagerUITests.swift */ = {isa = PBXFileReference; lastKnownFileType = sourcecode.swift; path = TodoManagerUITests.swift; sourceTree = "<group>"; };
		71DA51FB20A6D75A00BBC917 /* Info.plist */ = {isa = PBXFileReference; lastKnownFileType = text.plist.xml; path = Info.plist; sourceTree = "<group>"; };
		71DA521720A6D85400BBC917 /* Assets.xcassets */ = {isa = PBXFileReference; lastKnownFileType = folder.assetcatalog; path = Assets.xcassets; sourceTree = "<group>"; };
		71DA521920A6D85400BBC917 /* Base */ = {isa = PBXFileReference; lastKnownFileType = file.storyboard; name = Base; path = Base.lproj/LaunchScreen.storyboard; sourceTree = "<group>"; };
		71DA521C20A6D85400BBC917 /* TodoManager.xcdatamodel */ = {isa = PBXFileReference; lastKnownFileType = wrapper.xcdatamodel; path = TodoManager.xcdatamodel; sourceTree = "<group>"; };
		71DA521E20A6D85400BBC917 /* Info.plist */ = {isa = PBXFileReference; fileEncoding = 4; lastKnownFileType = text.plist.xml; path = Info.plist; sourceTree = "<group>"; };
		71DA521F20A6D85400BBC917 /* AppDelegate.swift */ = {isa = PBXFileReference; fileEncoding = 4; lastKnownFileType = sourcecode.swift; path = AppDelegate.swift; sourceTree = "<group>"; };
		71DA523320A7034A00BBC917 /* CustomViewProvider.swift */ = {isa = PBXFileReference; lastKnownFileType = sourcecode.swift; path = CustomViewProvider.swift; sourceTree = "<group>"; };
		71DA523620A7039C00BBC917 /* CustomViewController.swift */ = {isa = PBXFileReference; lastKnownFileType = sourcecode.swift; path = CustomViewController.swift; sourceTree = "<group>"; };
		71DA523C20A7054600BBC917 /* BaseViewController.swift */ = {isa = PBXFileReference; lastKnownFileType = sourcecode.swift; path = BaseViewController.swift; sourceTree = "<group>"; };
		71DA523E20A705FC00BBC917 /* UIView+LoadFromNib.swift */ = {isa = PBXFileReference; lastKnownFileType = sourcecode.swift; path = "UIView+LoadFromNib.swift"; sourceTree = "<group>"; };
		71DA524320A7138500BBC917 /* Router.swift */ = {isa = PBXFileReference; fileEncoding = 4; lastKnownFileType = sourcecode.swift; path = Router.swift; sourceTree = "<group>"; };
		71DA524520A713A300BBC917 /* WindowHelper.swift */ = {isa = PBXFileReference; fileEncoding = 4; lastKnownFileType = sourcecode.swift; path = WindowHelper.swift; sourceTree = "<group>"; };
		71DA524C20A7142E00BBC917 /* TasksViewController.swift */ = {isa = PBXFileReference; fileEncoding = 4; lastKnownFileType = sourcecode.swift; path = TasksViewController.swift; sourceTree = "<group>"; };
		71DA524E20A7147300BBC917 /* ApplicationController.swift */ = {isa = PBXFileReference; fileEncoding = 4; lastKnownFileType = sourcecode.swift; path = ApplicationController.swift; sourceTree = "<group>"; };
		71DA525020A7147C00BBC917 /* MainRouter.swift */ = {isa = PBXFileReference; fileEncoding = 4; lastKnownFileType = sourcecode.swift; path = MainRouter.swift; sourceTree = "<group>"; };
		71DA525A20A719C800BBC917 /* CustomTableView.swift */ = {isa = PBXFileReference; fileEncoding = 4; lastKnownFileType = sourcecode.swift; name = CustomTableView.swift; path = TodoManager/Classes/Presentation/Common/View/CustomTableView/CustomTableView.swift; sourceTree = SOURCE_ROOT; };
		71DA525B20A719C800BBC917 /* CustomTableView.xib */ = {isa = PBXFileReference; fileEncoding = 4; lastKnownFileType = file.xib; name = CustomTableView.xib; path = TodoManager/Classes/Presentation/Common/View/CustomTableView/CustomTableView.xib; sourceTree = SOURCE_ROOT; };
/* End PBXFileReference section */

/* Begin PBXFrameworksBuildPhase section */
		71DA51D020A6D75900BBC917 /* Frameworks */ = {
			isa = PBXFrameworksBuildPhase;
			buildActionMask = 2147483647;
			files = (
			);
			runOnlyForDeploymentPostprocessing = 0;
		};
		71DA51E720A6D75A00BBC917 /* Frameworks */ = {
			isa = PBXFrameworksBuildPhase;
			buildActionMask = 2147483647;
			files = (
			);
			runOnlyForDeploymentPostprocessing = 0;
		};
		71DA51F220A6D75A00BBC917 /* Frameworks */ = {
			isa = PBXFrameworksBuildPhase;
			buildActionMask = 2147483647;
			files = (
			);
			runOnlyForDeploymentPostprocessing = 0;
		};
/* End PBXFrameworksBuildPhase section */

/* Begin PBXGroup section */
		71DA51CA20A6D75900BBC917 = {
			isa = PBXGroup;
			children = (
				71DA520720A6D85400BBC917 /* TodoManager */,
				71DA51ED20A6D75A00BBC917 /* TodoManagerTests */,
				71DA51F820A6D75A00BBC917 /* TodoManagerUITests */,
				71DA51D420A6D75900BBC917 /* Products */,
			);
			sourceTree = "<group>";
		};
		71DA51D420A6D75900BBC917 /* Products */ = {
			isa = PBXGroup;
			children = (
				71DA51D320A6D75900BBC917 /* TodoManager.app */,
				71DA51EA20A6D75A00BBC917 /* TodoManagerTests.xctest */,
				71DA51F520A6D75A00BBC917 /* TodoManagerUITests.xctest */,
			);
			name = Products;
			sourceTree = "<group>";
		};
		71DA51ED20A6D75A00BBC917 /* TodoManagerTests */ = {
			isa = PBXGroup;
			children = (
				71DA51EE20A6D75A00BBC917 /* TodoManagerTests.swift */,
				71DA51F020A6D75A00BBC917 /* Info.plist */,
			);
			path = TodoManagerTests;
			sourceTree = "<group>";
		};
		71DA51F820A6D75A00BBC917 /* TodoManagerUITests */ = {
			isa = PBXGroup;
			children = (
				71DA51F920A6D75A00BBC917 /* TodoManagerUITests.swift */,
				71DA51FB20A6D75A00BBC917 /* Info.plist */,
			);
			path = TodoManagerUITests;
			sourceTree = "<group>";
		};
		71DA520720A6D85400BBC917 /* TodoManager */ = {
			isa = PBXGroup;
			children = (
				71DA520820A6D85400BBC917 /* Classes */,
				71DA521620A6D85400BBC917 /* Resources */,
				71DA521B20A6D85400BBC917 /* TodoManager.xcdatamodeld */,
				71DA521D20A6D85400BBC917 /* Supporting files */,
				71DA521F20A6D85400BBC917 /* AppDelegate.swift */,
			);
			path = TodoManager;
			sourceTree = "<group>";
		};
		71DA520820A6D85400BBC917 /* Classes */ = {
			isa = PBXGroup;
			children = (
				71DA520920A6D85400BBC917 /* Model */,
				71DA520A20A6D85400BBC917 /* Business Logic */,
				71DA520C20A6D85400BBC917 /* Helper */,
				71DA520D20A6D85400BBC917 /* Presentation */,
			);
			path = Classes;
			sourceTree = "<group>";
		};
		71DA520920A6D85400BBC917 /* Model */ = {
			isa = PBXGroup;
			children = (
			);
			path = Model;
			sourceTree = "<group>";
		};
		71DA520A20A6D85400BBC917 /* Business Logic */ = {
			isa = PBXGroup;
			children = (
				71DA520B20A6D85400BBC917 /* Service */,
			);
			path = "Business Logic";
			sourceTree = "<group>";
		};
		71DA520B20A6D85400BBC917 /* Service */ = {
			isa = PBXGroup;
			children = (
			);
			path = Service;
			sourceTree = "<group>";
		};
		71DA520C20A6D85400BBC917 /* Helper */ = {
			isa = PBXGroup;
			children = (
			);
			path = Helper;
			sourceTree = "<group>";
		};
		71DA520D20A6D85400BBC917 /* Presentation */ = {
			isa = PBXGroup;
			children = (
				71DA524E20A7147300BBC917 /* ApplicationController.swift */,
				71DA522A20A6F87500BBC917 /* Common */,
				71DA520E20A6D85400BBC917 /* Main */,
			);
			path = Presentation;
			sourceTree = "<group>";
		};
		71DA520E20A6D85400BBC917 /* Main */ = {
			isa = PBXGroup;
			children = (
				71DA521020A6D85400BBC917 /* Presentation Model */,
				71DA521120A6D85400BBC917 /* View */,
				71DA521220A6D85400BBC917 /* View Controller */,
				71DA521420A6D85400BBC917 /* View Model */,
				71DA521520A6D85400BBC917 /* Helper */,
			);
			path = Main;
			sourceTree = "<group>";
		};
		71DA521020A6D85400BBC917 /* Presentation Model */ = {
			isa = PBXGroup;
			children = (
			);
			path = "Presentation Model";
			sourceTree = "<group>";
		};
		71DA521120A6D85400BBC917 /* View */ = {
			isa = PBXGroup;
			children = (
			);
			path = View;
			sourceTree = "<group>";
		};
		71DA521220A6D85400BBC917 /* View Controller */ = {
			isa = PBXGroup;
			children = (
				71DA524C20A7142E00BBC917 /* TasksViewController.swift */,
			);
			path = "View Controller";
			sourceTree = "<group>";
		};
		71DA521420A6D85400BBC917 /* View Model */ = {
			isa = PBXGroup;
			children = (
			);
			path = "View Model";
			sourceTree = "<group>";
		};
		71DA521520A6D85400BBC917 /* Helper */ = {
			isa = PBXGroup;
			children = (
				71DA525020A7147C00BBC917 /* MainRouter.swift */,
			);
			path = Helper;
			sourceTree = "<group>";
		};
		71DA521620A6D85400BBC917 /* Resources */ = {
			isa = PBXGroup;
			children = (
				71DA521720A6D85400BBC917 /* Assets.xcassets */,
				71DA521820A6D85400BBC917 /* LaunchScreen.storyboard */,
				71DA521A20A6D85400BBC917 /* Fonts */,
			);
			path = Resources;
			sourceTree = "<group>";
		};
		71DA521A20A6D85400BBC917 /* Fonts */ = {
			isa = PBXGroup;
			children = (
			);
			path = Fonts;
			sourceTree = "<group>";
		};
		71DA521D20A6D85400BBC917 /* Supporting files */ = {
			isa = PBXGroup;
			children = (
				71DA521E20A6D85400BBC917 /* Info.plist */,
			);
			path = "Supporting files";
			sourceTree = "<group>";
		};
		71DA522A20A6F87500BBC917 /* Common */ = {
			isa = PBXGroup;
			children = (
				71DA523520A7039000BBC917 /* View */,
				71DA523220A7028D00BBC917 /* ViewController */,
				71DA522B20A6F87C00BBC917 /* Helper */,
			);
			path = Common;
			sourceTree = "<group>";
		};
		71DA522B20A6F87C00BBC917 /* Helper */ = {
			isa = PBXGroup;
			children = (
				71DA523320A7034A00BBC917 /* CustomViewProvider.swift */,
				71DA524320A7138500BBC917 /* Router.swift */,
			);
			path = Helper;
			sourceTree = "<group>";
		};
		71DA523220A7028D00BBC917 /* ViewController */ = {
			isa = PBXGroup;
			children = (
				71DA523620A7039C00BBC917 /* CustomViewController.swift */,
				71DA523C20A7054600BBC917 /* BaseViewController.swift */,
			);
			path = ViewController;
			sourceTree = "<group>";
		};
		71DA523520A7039000BBC917 /* View */ = {
			isa = PBXGroup;
			children = (
				71DA524720A7141300BBC917 /* CustomTableView */,
				71DA523E20A705FC00BBC917 /* UIView+LoadFromNib.swift */,
				71DA524520A713A300BBC917 /* WindowHelper.swift */,
			);
			path = View;
			sourceTree = "<group>";
		};
		71DA524720A7141300BBC917 /* CustomTableView */ = {
			isa = PBXGroup;
			children = (
				71DA525A20A719C800BBC917 /* CustomTableView.swift */,
				71DA525B20A719C800BBC917 /* CustomTableView.xib */,
			);
			name = CustomTableView;
			path = ../../../../../../../Presentation/Common/View/CustomTableView;
			sourceTree = "<group>";
		};
/* End PBXGroup section */

/* Begin PBXNativeTarget section */
		71DA51D220A6D75900BBC917 /* TodoManager */ = {
			isa = PBXNativeTarget;
			buildConfigurationList = 71DA51FE20A6D75A00BBC917 /* Build configuration list for PBXNativeTarget "TodoManager" */;
			buildPhases = (
				71DA51CF20A6D75900BBC917 /* Sources */,
				71DA51D020A6D75900BBC917 /* Frameworks */,
				71DA51D120A6D75900BBC917 /* Resources */,
				71DA522720A6ED7800BBC917 /* Run SwiftLint */,
			);
			buildRules = (
			);
			dependencies = (
			);
			name = TodoManager;
			productName = TodoManager;
			productReference = 71DA51D320A6D75900BBC917 /* TodoManager.app */;
			productType = "com.apple.product-type.application";
		};
		71DA51E920A6D75A00BBC917 /* TodoManagerTests */ = {
			isa = PBXNativeTarget;
			buildConfigurationList = 71DA520120A6D75A00BBC917 /* Build configuration list for PBXNativeTarget "TodoManagerTests" */;
			buildPhases = (
				71DA51E620A6D75A00BBC917 /* Sources */,
				71DA51E720A6D75A00BBC917 /* Frameworks */,
				71DA51E820A6D75A00BBC917 /* Resources */,
			);
			buildRules = (
			);
			dependencies = (
				71DA51EC20A6D75A00BBC917 /* PBXTargetDependency */,
			);
			name = TodoManagerTests;
			productName = TodoManagerTests;
			productReference = 71DA51EA20A6D75A00BBC917 /* TodoManagerTests.xctest */;
			productType = "com.apple.product-type.bundle.unit-test";
		};
		71DA51F420A6D75A00BBC917 /* TodoManagerUITests */ = {
			isa = PBXNativeTarget;
			buildConfigurationList = 71DA520420A6D75A00BBC917 /* Build configuration list for PBXNativeTarget "TodoManagerUITests" */;
			buildPhases = (
				71DA51F120A6D75A00BBC917 /* Sources */,
				71DA51F220A6D75A00BBC917 /* Frameworks */,
				71DA51F320A6D75A00BBC917 /* Resources */,
			);
			buildRules = (
			);
			dependencies = (
				71DA51F720A6D75A00BBC917 /* PBXTargetDependency */,
			);
			name = TodoManagerUITests;
			productName = TodoManagerUITests;
			productReference = 71DA51F520A6D75A00BBC917 /* TodoManagerUITests.xctest */;
			productType = "com.apple.product-type.bundle.ui-testing";
		};
/* End PBXNativeTarget section */

/* Begin PBXProject section */
		71DA51CB20A6D75900BBC917 /* Project object */ = {
			isa = PBXProject;
			attributes = {
				LastSwiftUpdateCheck = 0930;
				LastUpgradeCheck = 0930;
				ORGANIZATIONNAME = ton252;
				TargetAttributes = {
					71DA51D220A6D75900BBC917 = {
						CreatedOnToolsVersion = 9.3;
					};
					71DA51E920A6D75A00BBC917 = {
						CreatedOnToolsVersion = 9.3;
						TestTargetID = 71DA51D220A6D75900BBC917;
					};
					71DA51F420A6D75A00BBC917 = {
						CreatedOnToolsVersion = 9.3;
						TestTargetID = 71DA51D220A6D75900BBC917;
					};
				};
			};
			buildConfigurationList = 71DA51CE20A6D75900BBC917 /* Build configuration list for PBXProject "TodoManager" */;
			compatibilityVersion = "Xcode 9.3";
			developmentRegion = en;
			hasScannedForEncodings = 0;
			knownRegions = (
				en,
				Base,
			);
			mainGroup = 71DA51CA20A6D75900BBC917;
			productRefGroup = 71DA51D420A6D75900BBC917 /* Products */;
			projectDirPath = "";
			projectRoot = "";
			targets = (
				71DA51D220A6D75900BBC917 /* TodoManager */,
				71DA51E920A6D75A00BBC917 /* TodoManagerTests */,
				71DA51F420A6D75A00BBC917 /* TodoManagerUITests */,
			);
		};
/* End PBXProject section */

/* Begin PBXResourcesBuildPhase section */
		71DA51D120A6D75900BBC917 /* Resources */ = {
			isa = PBXResourcesBuildPhase;
			buildActionMask = 2147483647;
			files = (
				71DA525D20A719C800BBC917 /* CustomTableView.xib in Resources */,
				71DA522320A6D85400BBC917 /* LaunchScreen.storyboard in Resources */,
				71DA522220A6D85400BBC917 /* Assets.xcassets in Resources */,
			);
			runOnlyForDeploymentPostprocessing = 0;
		};
		71DA51E820A6D75A00BBC917 /* Resources */ = {
			isa = PBXResourcesBuildPhase;
			buildActionMask = 2147483647;
			files = (
			);
			runOnlyForDeploymentPostprocessing = 0;
		};
		71DA51F320A6D75A00BBC917 /* Resources */ = {
			isa = PBXResourcesBuildPhase;
			buildActionMask = 2147483647;
			files = (
			);
			runOnlyForDeploymentPostprocessing = 0;
		};
/* End PBXResourcesBuildPhase section */

/* Begin PBXShellScriptBuildPhase section */
		71DA522720A6ED7800BBC917 /* Run SwiftLint */ = {
			isa = PBXShellScriptBuildPhase;
			buildActionMask = 2147483647;
			files = (
			);
			inputPaths = (
			);
			name = "Run SwiftLint";
			outputPaths = (
			);
			runOnlyForDeploymentPostprocessing = 0;
			shellPath = /bin/sh;
			shellScript = $SRCROOT/swiftlint;
		};
/* End PBXShellScriptBuildPhase section */

/* Begin PBXSourcesBuildPhase section */
		71DA51CF20A6D75900BBC917 /* Sources */ = {
			isa = PBXSourcesBuildPhase;
			buildActionMask = 2147483647;
			files = (
				71DA523D20A7054600BBC917 /* BaseViewController.swift in Sources */,
				71DA524F20A7147300BBC917 /* ApplicationController.swift in Sources */,
				71DA525C20A719C800BBC917 /* CustomTableView.swift in Sources */,
				71DA523720A7039C00BBC917 /* CustomViewController.swift in Sources */,
				71DA522620A6D85400BBC917 /* AppDelegate.swift in Sources */,
				71DA524420A7138500BBC917 /* Router.swift in Sources */,
				71DA525120A7147C00BBC917 /* MainRouter.swift in Sources */,
				71DA523420A7034A00BBC917 /* CustomViewProvider.swift in Sources */,
				71DA524620A713A400BBC917 /* WindowHelper.swift in Sources */,
				71DA524D20A7142E00BBC917 /* TasksViewController.swift in Sources */,
				71DA522420A6D85400BBC917 /* TodoManager.xcdatamodeld in Sources */,
				71DA523F20A705FC00BBC917 /* UIView+LoadFromNib.swift in Sources */,
			);
			runOnlyForDeploymentPostprocessing = 0;
		};
		71DA51E620A6D75A00BBC917 /* Sources */ = {
			isa = PBXSourcesBuildPhase;
			buildActionMask = 2147483647;
			files = (
				71DA51EF20A6D75A00BBC917 /* TodoManagerTests.swift in Sources */,
			);
			runOnlyForDeploymentPostprocessing = 0;
		};
		71DA51F120A6D75A00BBC917 /* Sources */ = {
			isa = PBXSourcesBuildPhase;
			buildActionMask = 2147483647;
			files = (
				71DA51FA20A6D75A00BBC917 /* TodoManagerUITests.swift in Sources */,
			);
			runOnlyForDeploymentPostprocessing = 0;
		};
/* End PBXSourcesBuildPhase section */

/* Begin PBXTargetDependency section */
		71DA51EC20A6D75A00BBC917 /* PBXTargetDependency */ = {
			isa = PBXTargetDependency;
			target = 71DA51D220A6D75900BBC917 /* TodoManager */;
			targetProxy = 71DA51EB20A6D75A00BBC917 /* PBXContainerItemProxy */;
		};
		71DA51F720A6D75A00BBC917 /* PBXTargetDependency */ = {
			isa = PBXTargetDependency;
			target = 71DA51D220A6D75900BBC917 /* TodoManager */;
			targetProxy = 71DA51F620A6D75A00BBC917 /* PBXContainerItemProxy */;
		};
/* End PBXTargetDependency section */

/* Begin PBXVariantGroup section */
		71DA521820A6D85400BBC917 /* LaunchScreen.storyboard */ = {
			isa = PBXVariantGroup;
			children = (
				71DA521920A6D85400BBC917 /* Base */,
			);
			name = LaunchScreen.storyboard;
			sourceTree = "<group>";
		};
/* End PBXVariantGroup section */

/* Begin XCBuildConfiguration section */
		71DA51FC20A6D75A00BBC917 /* Debug */ = {
			isa = XCBuildConfiguration;
			buildSettings = {
				ALWAYS_SEARCH_USER_PATHS = NO;
				CLANG_ANALYZER_NONNULL = YES;
				CLANG_ANALYZER_NUMBER_OBJECT_CONVERSION = YES_AGGRESSIVE;
				CLANG_CXX_LANGUAGE_STANDARD = "gnu++14";
				CLANG_CXX_LIBRARY = "libc++";
				CLANG_ENABLE_MODULES = YES;
				CLANG_ENABLE_OBJC_ARC = YES;
				CLANG_ENABLE_OBJC_WEAK = YES;
				CLANG_WARN_BLOCK_CAPTURE_AUTORELEASING = YES;
				CLANG_WARN_BOOL_CONVERSION = YES;
				CLANG_WARN_COMMA = YES;
				CLANG_WARN_CONSTANT_CONVERSION = YES;
				CLANG_WARN_DEPRECATED_OBJC_IMPLEMENTATIONS = YES;
				CLANG_WARN_DIRECT_OBJC_ISA_USAGE = YES_ERROR;
				CLANG_WARN_DOCUMENTATION_COMMENTS = YES;
				CLANG_WARN_EMPTY_BODY = YES;
				CLANG_WARN_ENUM_CONVERSION = YES;
				CLANG_WARN_INFINITE_RECURSION = YES;
				CLANG_WARN_INT_CONVERSION = YES;
				CLANG_WARN_NON_LITERAL_NULL_CONVERSION = YES;
				CLANG_WARN_OBJC_IMPLICIT_RETAIN_SELF = YES;
				CLANG_WARN_OBJC_LITERAL_CONVERSION = YES;
				CLANG_WARN_OBJC_ROOT_CLASS = YES_ERROR;
				CLANG_WARN_RANGE_LOOP_ANALYSIS = YES;
				CLANG_WARN_STRICT_PROTOTYPES = YES;
				CLANG_WARN_SUSPICIOUS_MOVE = YES;
				CLANG_WARN_UNGUARDED_AVAILABILITY = YES_AGGRESSIVE;
				CLANG_WARN_UNREACHABLE_CODE = YES;
				CLANG_WARN__DUPLICATE_METHOD_MATCH = YES;
				CODE_SIGN_IDENTITY = "iPhone Developer";
				COPY_PHASE_STRIP = NO;
				DEBUG_INFORMATION_FORMAT = dwarf;
				ENABLE_STRICT_OBJC_MSGSEND = YES;
				ENABLE_TESTABILITY = YES;
				GCC_C_LANGUAGE_STANDARD = gnu11;
				GCC_DYNAMIC_NO_PIC = NO;
				GCC_NO_COMMON_BLOCKS = YES;
				GCC_OPTIMIZATION_LEVEL = 0;
				GCC_PREPROCESSOR_DEFINITIONS = (
					"DEBUG=1",
					"$(inherited)",
				);
				GCC_WARN_64_TO_32_BIT_CONVERSION = YES;
				GCC_WARN_ABOUT_RETURN_TYPE = YES_ERROR;
				GCC_WARN_UNDECLARED_SELECTOR = YES;
				GCC_WARN_UNINITIALIZED_AUTOS = YES_AGGRESSIVE;
				GCC_WARN_UNUSED_FUNCTION = YES;
				GCC_WARN_UNUSED_VARIABLE = YES;
				IPHONEOS_DEPLOYMENT_TARGET = 11.3;
				MTL_ENABLE_DEBUG_INFO = YES;
				ONLY_ACTIVE_ARCH = YES;
				SDKROOT = iphoneos;
				SWIFT_ACTIVE_COMPILATION_CONDITIONS = DEBUG;
				SWIFT_OPTIMIZATION_LEVEL = "-Onone";
			};
			name = Debug;
		};
		71DA51FD20A6D75A00BBC917 /* Release */ = {
			isa = XCBuildConfiguration;
			buildSettings = {
				ALWAYS_SEARCH_USER_PATHS = NO;
				CLANG_ANALYZER_NONNULL = YES;
				CLANG_ANALYZER_NUMBER_OBJECT_CONVERSION = YES_AGGRESSIVE;
				CLANG_CXX_LANGUAGE_STANDARD = "gnu++14";
				CLANG_CXX_LIBRARY = "libc++";
				CLANG_ENABLE_MODULES = YES;
				CLANG_ENABLE_OBJC_ARC = YES;
				CLANG_ENABLE_OBJC_WEAK = YES;
				CLANG_WARN_BLOCK_CAPTURE_AUTORELEASING = YES;
				CLANG_WARN_BOOL_CONVERSION = YES;
				CLANG_WARN_COMMA = YES;
				CLANG_WARN_CONSTANT_CONVERSION = YES;
				CLANG_WARN_DEPRECATED_OBJC_IMPLEMENTATIONS = YES;
				CLANG_WARN_DIRECT_OBJC_ISA_USAGE = YES_ERROR;
				CLANG_WARN_DOCUMENTATION_COMMENTS = YES;
				CLANG_WARN_EMPTY_BODY = YES;
				CLANG_WARN_ENUM_CONVERSION = YES;
				CLANG_WARN_INFINITE_RECURSION = YES;
				CLANG_WARN_INT_CONVERSION = YES;
				CLANG_WARN_NON_LITERAL_NULL_CONVERSION = YES;
				CLANG_WARN_OBJC_IMPLICIT_RETAIN_SELF = YES;
				CLANG_WARN_OBJC_LITERAL_CONVERSION = YES;
				CLANG_WARN_OBJC_ROOT_CLASS = YES_ERROR;
				CLANG_WARN_RANGE_LOOP_ANALYSIS = YES;
				CLANG_WARN_STRICT_PROTOTYPES = YES;
				CLANG_WARN_SUSPICIOUS_MOVE = YES;
				CLANG_WARN_UNGUARDED_AVAILABILITY = YES_AGGRESSIVE;
				CLANG_WARN_UNREACHABLE_CODE = YES;
				CLANG_WARN__DUPLICATE_METHOD_MATCH = YES;
				CODE_SIGN_IDENTITY = "iPhone Developer";
				COPY_PHASE_STRIP = NO;
				DEBUG_INFORMATION_FORMAT = "dwarf-with-dsym";
				ENABLE_NS_ASSERTIONS = NO;
				ENABLE_STRICT_OBJC_MSGSEND = YES;
				GCC_C_LANGUAGE_STANDARD = gnu11;
				GCC_NO_COMMON_BLOCKS = YES;
				GCC_WARN_64_TO_32_BIT_CONVERSION = YES;
				GCC_WARN_ABOUT_RETURN_TYPE = YES_ERROR;
				GCC_WARN_UNDECLARED_SELECTOR = YES;
				GCC_WARN_UNINITIALIZED_AUTOS = YES_AGGRESSIVE;
				GCC_WARN_UNUSED_FUNCTION = YES;
				GCC_WARN_UNUSED_VARIABLE = YES;
				IPHONEOS_DEPLOYMENT_TARGET = 11.3;
				MTL_ENABLE_DEBUG_INFO = NO;
				SDKROOT = iphoneos;
				SWIFT_COMPILATION_MODE = wholemodule;
				SWIFT_OPTIMIZATION_LEVEL = "-O";
				VALIDATE_PRODUCT = YES;
			};
			name = Release;
		};
		71DA51FF20A6D75A00BBC917 /* Debug */ = {
			isa = XCBuildConfiguration;
			buildSettings = {
				ASSETCATALOG_COMPILER_APPICON_NAME = AppIcon;
				CODE_SIGN_STYLE = Automatic;
				DEVELOPMENT_TEAM = UU5ASMJ5WS;
				INFOPLIST_FILE = "$(SRCROOT)/TodoManager/Supporting files/Info.plist";
				IPHONEOS_DEPLOYMENT_TARGET = 11.0;
				LD_RUNPATH_SEARCH_PATHS = (
					"$(inherited)",
					"@executable_path/Frameworks",
				);
				PRODUCT_BUNDLE_IDENTIFIER = com.ton252.TodoManager;
				PRODUCT_NAME = "$(TARGET_NAME)";
				SWIFT_VERSION = 4.0;
				TARGETED_DEVICE_FAMILY = "1,2";
			};
			name = Debug;
		};
		71DA520020A6D75A00BBC917 /* Release */ = {
			isa = XCBuildConfiguration;
			buildSettings = {
				ASSETCATALOG_COMPILER_APPICON_NAME = AppIcon;
				CODE_SIGN_STYLE = Automatic;
				DEVELOPMENT_TEAM = UU5ASMJ5WS;
				INFOPLIST_FILE = "$(SRCROOT)/TodoManager/Supporting files/Info.plist";
				IPHONEOS_DEPLOYMENT_TARGET = 11.0;
				LD_RUNPATH_SEARCH_PATHS = (
					"$(inherited)",
					"@executable_path/Frameworks",
				);
				PRODUCT_BUNDLE_IDENTIFIER = com.ton252.TodoManager;
				PRODUCT_NAME = "$(TARGET_NAME)";
				SWIFT_VERSION = 4.0;
				TARGETED_DEVICE_FAMILY = "1,2";
			};
			name = Release;
		};
		71DA520220A6D75A00BBC917 /* Debug */ = {
			isa = XCBuildConfiguration;
			buildSettings = {
				ALWAYS_EMBED_SWIFT_STANDARD_LIBRARIES = YES;
				BUNDLE_LOADER = "$(TEST_HOST)";
				CODE_SIGN_STYLE = Automatic;
				DEVELOPMENT_TEAM = UU5ASMJ5WS;
				INFOPLIST_FILE = TodoManagerTests/Info.plist;
				LD_RUNPATH_SEARCH_PATHS = (
					"$(inherited)",
					"@executable_path/Frameworks",
					"@loader_path/Frameworks",
				);
				PRODUCT_BUNDLE_IDENTIFIER = com.ton252.TodoManagerTests;
				PRODUCT_NAME = "$(TARGET_NAME)";
				SWIFT_VERSION = 4.0;
				TARGETED_DEVICE_FAMILY = "1,2";
				TEST_HOST = "$(BUILT_PRODUCTS_DIR)/TodoManager.app/TodoManager";
			};
			name = Debug;
		};
		71DA520320A6D75A00BBC917 /* Release */ = {
			isa = XCBuildConfiguration;
			buildSettings = {
				ALWAYS_EMBED_SWIFT_STANDARD_LIBRARIES = YES;
				BUNDLE_LOADER = "$(TEST_HOST)";
				CODE_SIGN_STYLE = Automatic;
				DEVELOPMENT_TEAM = UU5ASMJ5WS;
				INFOPLIST_FILE = TodoManagerTests/Info.plist;
				LD_RUNPATH_SEARCH_PATHS = (
					"$(inherited)",
					"@executable_path/Frameworks",
					"@loader_path/Frameworks",
				);
				PRODUCT_BUNDLE_IDENTIFIER = com.ton252.TodoManagerTests;
				PRODUCT_NAME = "$(TARGET_NAME)";
				SWIFT_VERSION = 4.0;
				TARGETED_DEVICE_FAMILY = "1,2";
				TEST_HOST = "$(BUILT_PRODUCTS_DIR)/TodoManager.app/TodoManager";
			};
			name = Release;
		};
		71DA520520A6D75A00BBC917 /* Debug */ = {
			isa = XCBuildConfiguration;
			buildSettings = {
				ALWAYS_EMBED_SWIFT_STANDARD_LIBRARIES = YES;
				CODE_SIGN_STYLE = Automatic;
				DEVELOPMENT_TEAM = UU5ASMJ5WS;
				INFOPLIST_FILE = TodoManagerUITests/Info.plist;
				LD_RUNPATH_SEARCH_PATHS = (
					"$(inherited)",
					"@executable_path/Frameworks",
					"@loader_path/Frameworks",
				);
				PRODUCT_BUNDLE_IDENTIFIER = com.ton252.TodoManagerUITests;
				PRODUCT_NAME = "$(TARGET_NAME)";
				SWIFT_VERSION = 4.0;
				TARGETED_DEVICE_FAMILY = "1,2";
				TEST_TARGET_NAME = TodoManager;
			};
			name = Debug;
		};
		71DA520620A6D75A00BBC917 /* Release */ = {
			isa = XCBuildConfiguration;
			buildSettings = {
				ALWAYS_EMBED_SWIFT_STANDARD_LIBRARIES = YES;
				CODE_SIGN_STYLE = Automatic;
				DEVELOPMENT_TEAM = UU5ASMJ5WS;
				INFOPLIST_FILE = TodoManagerUITests/Info.plist;
				LD_RUNPATH_SEARCH_PATHS = (
					"$(inherited)",
					"@executable_path/Frameworks",
					"@loader_path/Frameworks",
				);
				PRODUCT_BUNDLE_IDENTIFIER = com.ton252.TodoManagerUITests;
				PRODUCT_NAME = "$(TARGET_NAME)";
				SWIFT_VERSION = 4.0;
				TARGETED_DEVICE_FAMILY = "1,2";
				TEST_TARGET_NAME = TodoManager;
			};
			name = Release;
		};
/* End XCBuildConfiguration section */

/* Begin XCConfigurationList section */
		71DA51CE20A6D75900BBC917 /* Build configuration list for PBXProject "TodoManager" */ = {
			isa = XCConfigurationList;
			buildConfigurations = (
				71DA51FC20A6D75A00BBC917 /* Debug */,
				71DA51FD20A6D75A00BBC917 /* Release */,
			);
			defaultConfigurationIsVisible = 0;
			defaultConfigurationName = Release;
		};
		71DA51FE20A6D75A00BBC917 /* Build configuration list for PBXNativeTarget "TodoManager" */ = {
			isa = XCConfigurationList;
			buildConfigurations = (
				71DA51FF20A6D75A00BBC917 /* Debug */,
				71DA520020A6D75A00BBC917 /* Release */,
			);
			defaultConfigurationIsVisible = 0;
			defaultConfigurationName = Release;
		};
		71DA520120A6D75A00BBC917 /* Build configuration list for PBXNativeTarget "TodoManagerTests" */ = {
			isa = XCConfigurationList;
			buildConfigurations = (
				71DA520220A6D75A00BBC917 /* Debug */,
				71DA520320A6D75A00BBC917 /* Release */,
			);
			defaultConfigurationIsVisible = 0;
			defaultConfigurationName = Release;
		};
		71DA520420A6D75A00BBC917 /* Build configuration list for PBXNativeTarget "TodoManagerUITests" */ = {
			isa = XCConfigurationList;
			buildConfigurations = (
				71DA520520A6D75A00BBC917 /* Debug */,
				71DA520620A6D75A00BBC917 /* Release */,
			);
			defaultConfigurationIsVisible = 0;
			defaultConfigurationName = Release;
		};
/* End XCConfigurationList section */

/* Begin XCVersionGroup section */
		71DA521B20A6D85400BBC917 /* TodoManager.xcdatamodeld */ = {
			isa = XCVersionGroup;
			children = (
				71DA521C20A6D85400BBC917 /* TodoManager.xcdatamodel */,
			);
			currentVersion = 71DA521C20A6D85400BBC917 /* TodoManager.xcdatamodel */;
			path = TodoManager.xcdatamodeld;
			sourceTree = "<group>";
			versionGroupType = wrapper.xcdatamodel;
		};
/* End XCVersionGroup section */
	};
	rootObject = 71DA51CB20A6D75900BBC917 /* Project object */;
}
